
Microsoft Visual Studio Solution File, Format Version 12.00
# Visual Studio Version 16
VisualStudioVersion = 16.0.30907.101
MinimumVisualStudioVersion = 10.0.40219.1
Project("{FAE04EC0-301F-11D3-BF4B-00C04F79EFBC}") = "ITCraft_Tasc_App", "ITCraft_Tasc_App\ITCraft_Tasc_App.csproj", "{BA17C4C3-39E5-4EB6-BC2B-08DC23944E53}"
EndProject
Global
	GlobalSection(SolutionConfigurationPlatforms) = preSolution
		Debug|Any CPU = Debug|Any CPU
		Release|Any CPU = Release|Any CPU
	EndGlobalSection
	GlobalSection(ProjectConfigurationPlatforms) = postSolution
		{BA17C4C3-39E5-4EB6-BC2B-08DC23944E53}.Debug|Any CPU.ActiveCfg = Debug|Any CPU
		{BA17C4C3-39E5-4EB6-BC2B-08DC23944E53}.Debug|Any CPU.Build.0 = Debug|Any CPU
		{BA17C4C3-39E5-4EB6-BC2B-08DC23944E53}.Release|Any CPU.ActiveCfg = Release|Any CPU
		{BA17C4C3-39E5-4EB6-BC2B-08DC23944E53}.Release|Any CPU.Build.0 = Release|Any CPU
	EndGlobalSection
	GlobalSection(SolutionProperties) = preSolution
		HideSolutionNode = FALSE
	EndGlobalSection
	GlobalSection(ExtensibilityGlobals) = postSolution
		SolutionGuid = {51185841-696D-474C-9950-3B26108527DA}
	EndGlobalSection
EndGlobal
